
Microsoft Visual Studio Solution File, Format Version 12.00
# Visual Studio Version 17
VisualStudioVersion = 17.2.32630.192
MinimumVisualStudioVersion = 10.0.40219.1
Project("{FAE04EC0-301F-11D3-BF4B-00C04F79EFBC}") = "CarRentalCompany", "CarRentalCompany\CarRentalCompany.csproj", "{22FF598E-7CBD-4A0A-A354-45081820CB4B}"
EndProject
Global
	GlobalSection(SolutionConfigurationPlatforms) = preSolution
		Debug|Any CPU = Debug|Any CPU
		Release|Any CPU = Release|Any CPU
	EndGlobalSection
	GlobalSection(ProjectConfigurationPlatforms) = postSolution
		{22FF598E-7CBD-4A0A-A354-45081820CB4B}.Debug|Any CPU.ActiveCfg = Debug|Any CPU
		{22FF598E-7CBD-4A0A-A354-45081820CB4B}.Debug|Any CPU.Build.0 = Debug|Any CPU
		{22FF598E-7CBD-4A0A-A354-45081820CB4B}.Release|Any CPU.ActiveCfg = Release|Any CPU
		{22FF598E-7CBD-4A0A-A354-45081820CB4B}.Release|Any CPU.Build.0 = Release|Any CPU
	EndGlobalSection
	GlobalSection(SolutionProperties) = preSolution
		HideSolutionNode = FALSE
	EndGlobalSection
	GlobalSection(ExtensibilityGlobals) = postSolution
		SolutionGuid = {A325A10C-CE29-452F-8E4B-E7EA329014C4}
	EndGlobalSection
EndGlobal
